
Microsoft Visual Studio Solution File, Format Version 12.00
# Visual Studio 15
VisualStudioVersion = 15.0.28307.271
MinimumVisualStudioVersion = 10.0.40219.1
Project("{FAE04EC0-301F-11D3-BF4B-00C04F79EFBC}") = "Membership-Management", "Membership-Management\Membership-Management.csproj", "{4E9A2B6F-0CBE-416B-B835-3A90093DEFE2}"
EndProject
Project("{54435603-DBB4-11D2-8724-00A0C9A8B90C}") = "Installer", "Installer\Installer.vdproj", "{3AB93405-019B-4975-9BDE-C49BBCFFF5F5}"
EndProject
Global
	GlobalSection(SolutionConfigurationPlatforms) = preSolution
		Debug|Any CPU = Debug|Any CPU
		Release|Any CPU = Release|Any CPU
	EndGlobalSection
	GlobalSection(ProjectConfigurationPlatforms) = postSolution
		{4E9A2B6F-0CBE-416B-B835-3A90093DEFE2}.Debug|Any CPU.ActiveCfg = Debug|Any CPU
		{4E9A2B6F-0CBE-416B-B835-3A90093DEFE2}.Debug|Any CPU.Build.0 = Debug|Any CPU
		{4E9A2B6F-0CBE-416B-B835-3A90093DEFE2}.Release|Any CPU.ActiveCfg = Release|Any CPU
		{4E9A2B6F-0CBE-416B-B835-3A90093DEFE2}.Release|Any CPU.Build.0 = Release|Any CPU
		{3AB93405-019B-4975-9BDE-C49BBCFFF5F5}.Debug|Any CPU.ActiveCfg = Debug
		{3AB93405-019B-4975-9BDE-C49BBCFFF5F5}.Release|Any CPU.ActiveCfg = Release
	EndGlobalSection
	GlobalSection(SolutionProperties) = preSolution
		HideSolutionNode = FALSE
	EndGlobalSection
	GlobalSection(ExtensibilityGlobals) = postSolution
		SolutionGuid = {AC862779-77F2-41C1-85EE-915A14A72FDB}
	EndGlobalSection
EndGlobal
